
Microsoft Visual Studio Solution File, Format Version 12.00
# Visual Studio Version 17
VisualStudioVersion = 17.5.2.0
MinimumVisualStudioVersion = 10.0.40219.1
Project("{FAE04EC0-301F-11D3-BF4B-00C04F79EFBC}") = "ブラウザ操作日本語化", "ブラウザ操作日本語化\ブラウザ操作日本語化.csproj", "{2CA26B5B-7CB4-29F8-A047-5EDCD2BA99F9}"
EndProject
Project("{FAE04EC0-301F-11D3-BF4B-00C04F79EFBC}") = "ブラウザ操作日本語化テスト", "ブラウザ操作日本語化テスト\ブラウザ操作日本語化テスト.csproj", "{B7BC9A25-20A7-4B7A-AF49-183A3B637C11}"
EndProject
Global
	GlobalSection(SolutionConfigurationPlatforms) = preSolution
		Debug|Any CPU = Debug|Any CPU
		Debug|x64 = Debug|x64
		Debug|x86 = Debug|x86
		Release|Any CPU = Release|Any CPU
		Release|x64 = Release|x64
		Release|x86 = Release|x86
	EndGlobalSection
	GlobalSection(ProjectConfigurationPlatforms) = postSolution
		{2CA26B5B-7CB4-29F8-A047-5EDCD2BA99F9}.Debug|Any CPU.ActiveCfg = Debug|Any CPU
		{2CA26B5B-7CB4-29F8-A047-5EDCD2BA99F9}.Debug|Any CPU.Build.0 = Debug|Any CPU
		{2CA26B5B-7CB4-29F8-A047-5EDCD2BA99F9}.Debug|x64.ActiveCfg = Debug|Any CPU
		{2CA26B5B-7CB4-29F8-A047-5EDCD2BA99F9}.Debug|x64.Build.0 = Debug|Any CPU
		{2CA26B5B-7CB4-29F8-A047-5EDCD2BA99F9}.Debug|x86.ActiveCfg = Debug|Any CPU
		{2CA26B5B-7CB4-29F8-A047-5EDCD2BA99F9}.Debug|x86.Build.0 = Debug|Any CPU
		{2CA26B5B-7CB4-29F8-A047-5EDCD2BA99F9}.Release|Any CPU.ActiveCfg = Release|Any CPU
		{2CA26B5B-7CB4-29F8-A047-5EDCD2BA99F9}.Release|Any CPU.Build.0 = Release|Any CPU
		{2CA26B5B-7CB4-29F8-A047-5EDCD2BA99F9}.Release|x64.ActiveCfg = Release|Any CPU
		{2CA26B5B-7CB4-29F8-A047-5EDCD2BA99F9}.Release|x64.Build.0 = Release|Any CPU
		{2CA26B5B-7CB4-29F8-A047-5EDCD2BA99F9}.Release|x86.ActiveCfg = Release|Any CPU
		{2CA26B5B-7CB4-29F8-A047-5EDCD2BA99F9}.Release|x86.Build.0 = Release|Any CPU
		{B7BC9A25-20A7-4B7A-AF49-183A3B637C11}.Debug|Any CPU.ActiveCfg = Debug|Any CPU
		{B7BC9A25-20A7-4B7A-AF49-183A3B637C11}.Debug|Any CPU.Build.0 = Debug|Any CPU
		{B7BC9A25-20A7-4B7A-AF49-183A3B637C11}.Debug|x64.ActiveCfg = Debug|Any CPU
		{B7BC9A25-20A7-4B7A-AF49-183A3B637C11}.Debug|x64.Build.0 = Debug|Any CPU
		{B7BC9A25-20A7-4B7A-AF49-183A3B637C11}.Debug|x86.ActiveCfg = Debug|Any CPU
		{B7BC9A25-20A7-4B7A-AF49-183A3B637C11}.Debug|x86.Build.0 = Debug|Any CPU
		{B7BC9A25-20A7-4B7A-AF49-183A3B637C11}.Release|Any CPU.ActiveCfg = Release|Any CPU
		{B7BC9A25-20A7-4B7A-AF49-183A3B637C11}.Release|Any CPU.Build.0 = Release|Any CPU
		{B7BC9A25-20A7-4B7A-AF49-183A3B637C11}.Release|x64.ActiveCfg = Release|Any CPU
		{B7BC9A25-20A7-4B7A-AF49-183A3B637C11}.Release|x64.Build.0 = Release|Any CPU
		{B7BC9A25-20A7-4B7A-AF49-183A3B637C11}.Release|x86.ActiveCfg = Release|Any CPU
		{B7BC9A25-20A7-4B7A-AF49-183A3B637C11}.Release|x86.Build.0 = Release|Any CPU
	EndGlobalSection
	GlobalSection(SolutionProperties) = preSolution
		HideSolutionNode = FALSE
	EndGlobalSection
	GlobalSection(ExtensibilityGlobals) = postSolution
		SolutionGuid = {3A56A5D3-1257-4302-889E-C009ACE40AB2}
	EndGlobalSection
EndGlobal
